
Microsoft Visual Studio Solution File, Format Version 12.00
# Visual Studio Version 17
VisualStudioVersion = 17.0.31903.59
MinimumVisualStudioVersion = 10.0.40219.1
Project("{2150E333-8FDC-42A3-9474-1A3956D46DE8}") = "src", "src", "{8DF6F21A-7BF6-4DED-BCE9-7D8D3632073B}"
EndProject
Project("{FAE04EC0-301F-11D3-BF4B-00C04F79EFBC}") = "BibliotecaApp.Server", "src\BibliotecaApp.Server\BibliotecaApp.Server.csproj", "{7E29C7CB-A521-4FFB-9E53-2B5D62F6D52E}"
EndProject
Project("{FAE04EC0-301F-11D3-BF4B-00C04F79EFBC}") = "BibliotecaApp.Infrastructure", "src\BibliotecaApp.Infrastructure\BibliotecaApp.Infrastructure.csproj", "{455B06FD-3DCA-4C8C-A342-EC2351FF7EB6}"
EndProject
Project("{FAE04EC0-301F-11D3-BF4B-00C04F79EFBC}") = "BibliotecaApp.Client", "src\BibliotecaApp.Client\BibliotecaApp.Client.csproj", "{A7A65862-AA75-4266-88EF-02DFCCAC72BD}"
EndProject
Project("{FAE04EC0-301F-11D3-BF4B-00C04F79EFBC}") = "BibliotecaApp.Shared", "src\BibliotecaApp.Shared\BibliotecaApp.Shared.csproj", "{AF93B61B-81B9-4446-A11D-7B2085425CFF}"
EndProject
Global
	GlobalSection(SolutionConfigurationPlatforms) = preSolution
		Debug|Any CPU = Debug|Any CPU
		Release|Any CPU = Release|Any CPU
	EndGlobalSection
	GlobalSection(SolutionProperties) = preSolution
		HideSolutionNode = FALSE
	EndGlobalSection
	GlobalSection(ProjectConfigurationPlatforms) = postSolution
		{7E29C7CB-A521-4FFB-9E53-2B5D62F6D52E}.Debug|Any CPU.ActiveCfg = Debug|Any CPU
		{7E29C7CB-A521-4FFB-9E53-2B5D62F6D52E}.Debug|Any CPU.Build.0 = Debug|Any CPU
		{7E29C7CB-A521-4FFB-9E53-2B5D62F6D52E}.Release|Any CPU.ActiveCfg = Release|Any CPU
		{7E29C7CB-A521-4FFB-9E53-2B5D62F6D52E}.Release|Any CPU.Build.0 = Release|Any CPU
		{455B06FD-3DCA-4C8C-A342-EC2351FF7EB6}.Debug|Any CPU.ActiveCfg = Debug|Any CPU
		{455B06FD-3DCA-4C8C-A342-EC2351FF7EB6}.Debug|Any CPU.Build.0 = Debug|Any CPU
		{455B06FD-3DCA-4C8C-A342-EC2351FF7EB6}.Release|Any CPU.ActiveCfg = Release|Any CPU
		{455B06FD-3DCA-4C8C-A342-EC2351FF7EB6}.Release|Any CPU.Build.0 = Release|Any CPU
		{A7A65862-AA75-4266-88EF-02DFCCAC72BD}.Debug|Any CPU.ActiveCfg = Debug|Any CPU
		{A7A65862-AA75-4266-88EF-02DFCCAC72BD}.Debug|Any CPU.Build.0 = Debug|Any CPU
		{A7A65862-AA75-4266-88EF-02DFCCAC72BD}.Release|Any CPU.ActiveCfg = Release|Any CPU
		{A7A65862-AA75-4266-88EF-02DFCCAC72BD}.Release|Any CPU.Build.0 = Release|Any CPU
		{AF93B61B-81B9-4446-A11D-7B2085425CFF}.Debug|Any CPU.ActiveCfg = Debug|Any CPU
		{AF93B61B-81B9-4446-A11D-7B2085425CFF}.Debug|Any CPU.Build.0 = Debug|Any CPU
		{AF93B61B-81B9-4446-A11D-7B2085425CFF}.Release|Any CPU.ActiveCfg = Release|Any CPU
		{AF93B61B-81B9-4446-A11D-7B2085425CFF}.Release|Any CPU.Build.0 = Release|Any CPU
	EndGlobalSection
	GlobalSection(NestedProjects) = preSolution
		{7E29C7CB-A521-4FFB-9E53-2B5D62F6D52E} = {8DF6F21A-7BF6-4DED-BCE9-7D8D3632073B}
		{455B06FD-3DCA-4C8C-A342-EC2351FF7EB6} = {8DF6F21A-7BF6-4DED-BCE9-7D8D3632073B}
		{A7A65862-AA75-4266-88EF-02DFCCAC72BD} = {8DF6F21A-7BF6-4DED-BCE9-7D8D3632073B}
		{AF93B61B-81B9-4446-A11D-7B2085425CFF} = {8DF6F21A-7BF6-4DED-BCE9-7D8D3632073B}
	EndGlobalSection
EndGlobal
